// !$*UTF8*$!
{
	archiveVersion = 1;
	classes = {
	};
	objectVersion = 55;
	objects = {

/* Begin PBXBuildFile section */
		53C47727F960294BBDBA0C61 /* Pods_RudderStackIOSSampleTests.framework in Frameworks */ = {isa = PBXBuildFile; fileRef = 16DDD3A928281C6180BE5438 /* Pods_RudderStackIOSSampleTests.framework */; };
		BCFB3EB70F33B06D5761D8E4 /* Pods_RudderStackIOSSample.framework in Frameworks */ = {isa = PBXBuildFile; fileRef = 8D908D6EB6EC73FF5C269DA3 /* Pods_RudderStackIOSSample.framework */; };
		D679224E2940A55F00370397 /* AppDelegate.m in Sources */ = {isa = PBXBuildFile; fileRef = D6C052DA294069DB00724EF6 /* AppDelegate.m */; };
		D679224F2940A56300370397 /* ViewController.m in Sources */ = {isa = PBXBuildFile; fileRef = D6C052E0294069DB00724EF6 /* ViewController.m */; };
		D6C052DE294069DB00724EF6 /* SceneDelegate.m in Sources */ = {isa = PBXBuildFile; fileRef = D6C052DD294069DB00724EF6 /* SceneDelegate.m */; };
		D6C052E4294069DB00724EF6 /* Main.storyboard in Resources */ = {isa = PBXBuildFile; fileRef = D6C052E2294069DB00724EF6 /* Main.storyboard */; };
		D6C052E6294069DD00724EF6 /* Assets.xcassets in Resources */ = {isa = PBXBuildFile; fileRef = D6C052E5294069DD00724EF6 /* Assets.xcassets */; };
		D6C052E9294069DD00724EF6 /* LaunchScreen.storyboard in Resources */ = {isa = PBXBuildFile; fileRef = D6C052E7294069DD00724EF6 /* LaunchScreen.storyboard */; };
		D6C052EC294069DD00724EF6 /* main.m in Sources */ = {isa = PBXBuildFile; fileRef = D6C052EB294069DD00724EF6 /* main.m */; };
		D6C052F6294069DD00724EF6 /* RudderStackIOSSampleTests.m in Sources */ = {isa = PBXBuildFile; fileRef = D6C052F5294069DD00724EF6 /* RudderStackIOSSampleTests.m */; };
		D6C05300294069DD00724EF6 /* RudderStackIOSSampleUITests.m in Sources */ = {isa = PBXBuildFile; fileRef = D6C052FF294069DD00724EF6 /* RudderStackIOSSampleUITests.m */; };
		D6C05302294069DD00724EF6 /* RudderStackIOSSampleUITestsLaunchTests.m in Sources */ = {isa = PBXBuildFile; fileRef = D6C05301294069DD00724EF6 /* RudderStackIOSSampleUITestsLaunchTests.m */; };
		E06C9D1E7EDB17A4F7B031B2 /* Pods_RudderStackIOSSample_RudderStackIOSSampleUITests.framework in Frameworks */ = {isa = PBXBuildFile; fileRef = 76724E7533A82993D117819F /* Pods_RudderStackIOSSample_RudderStackIOSSampleUITests.framework */; };
/* End PBXBuildFile section */

/* Begin PBXContainerItemProxy section */
		D6C052F2294069DD00724EF6 /* PBXContainerItemProxy */ = {
			isa = PBXContainerItemProxy;
			containerPortal = D6C052CE294069DB00724EF6 /* Project object */;
			proxyType = 1;
			remoteGlobalIDString = D6C052D5294069DB00724EF6;
			remoteInfo = RudderStackIOSSample;
		};
		D6C052FC294069DD00724EF6 /* PBXContainerItemProxy */ = {
			isa = PBXContainerItemProxy;
			containerPortal = D6C052CE294069DB00724EF6 /* Project object */;
			proxyType = 1;
			remoteGlobalIDString = D6C052D5294069DB00724EF6;
			remoteInfo = RudderStackIOSSample;
		};
/* End PBXContainerItemProxy section */

/* Begin PBXFileReference section */
		16DDD3A928281C6180BE5438 /* Pods_RudderStackIOSSampleTests.framework */ = {isa = PBXFileReference; explicitFileType = wrapper.framework; includeInIndex = 0; path = Pods_RudderStackIOSSampleTests.framework; sourceTree = BUILT_PRODUCTS_DIR; };
		48249C27613893F435B34B95 /* Pods-RudderStackIOSSample.release.xcconfig */ = {isa = PBXFileReference; includeInIndex = 1; lastKnownFileType = text.xcconfig; name = "Pods-RudderStackIOSSample.release.xcconfig"; path = "Target Support Files/Pods-RudderStackIOSSample/Pods-RudderStackIOSSample.release.xcconfig"; sourceTree = "<group>"; };
		76724E7533A82993D117819F /* Pods_RudderStackIOSSample_RudderStackIOSSampleUITests.framework */ = {isa = PBXFileReference; explicitFileType = wrapper.framework; includeInIndex = 0; path = Pods_RudderStackIOSSample_RudderStackIOSSampleUITests.framework; sourceTree = BUILT_PRODUCTS_DIR; };
		8D908D6EB6EC73FF5C269DA3 /* Pods_RudderStackIOSSample.framework */ = {isa = PBXFileReference; explicitFileType = wrapper.framework; includeInIndex = 0; path = Pods_RudderStackIOSSample.framework; sourceTree = BUILT_PRODUCTS_DIR; };
		96EECD4BBF8E9079DD559980 /* Pods-RudderStackIOSSampleTests.release.xcconfig */ = {isa = PBXFileReference; includeInIndex = 1; lastKnownFileType = text.xcconfig; name = "Pods-RudderStackIOSSampleTests.release.xcconfig"; path = "Target Support Files/Pods-RudderStackIOSSampleTests/Pods-RudderStackIOSSampleTests.release.xcconfig"; sourceTree = "<group>"; };
		9CEF00854938EF2A8EC09CFD /* Pods-RudderStackIOSSampleTests.debug.xcconfig */ = {isa = PBXFileReference; includeInIndex = 1; lastKnownFileType = text.xcconfig; name = "Pods-RudderStackIOSSampleTests.debug.xcconfig"; path = "Target Support Files/Pods-RudderStackIOSSampleTests/Pods-RudderStackIOSSampleTests.debug.xcconfig"; sourceTree = "<group>"; };
		C4F4905A077CB77C61D052AE /* Pods-RudderStackIOSSample-RudderStackIOSSampleUITests.debug.xcconfig */ = {isa = PBXFileReference; includeInIndex = 1; lastKnownFileType = text.xcconfig; name = "Pods-RudderStackIOSSample-RudderStackIOSSampleUITests.debug.xcconfig"; path = "Target Support Files/Pods-RudderStackIOSSample-RudderStackIOSSampleUITests/Pods-RudderStackIOSSample-RudderStackIOSSampleUITests.debug.xcconfig"; sourceTree = "<group>"; };
		D67922502940B60E00370397 /* RudderStackIOSSample.entitlements */ = {isa = PBXFileReference; lastKnownFileType = text.plist.entitlements; path = RudderStackIOSSample.entitlements; sourceTree = "<group>"; };
		D6C052D6294069DB00724EF6 /* RudderStackIOSSample.app */ = {isa = PBXFileReference; explicitFileType = wrapper.application; includeInIndex = 0; path = RudderStackIOSSample.app; sourceTree = BUILT_PRODUCTS_DIR; };
		D6C052D9294069DB00724EF6 /* AppDelegate.h */ = {isa = PBXFileReference; lastKnownFileType = sourcecode.c.h; path = AppDelegate.h; sourceTree = "<group>"; };
		D6C052DA294069DB00724EF6 /* AppDelegate.m */ = {isa = PBXFileReference; lastKnownFileType = sourcecode.c.objc; path = AppDelegate.m; sourceTree = "<group>"; };
		D6C052DC294069DB00724EF6 /* SceneDelegate.h */ = {isa = PBXFileReference; lastKnownFileType = sourcecode.c.h; path = SceneDelegate.h; sourceTree = "<group>"; };
		D6C052DD294069DB00724EF6 /* SceneDelegate.m */ = {isa = PBXFileReference; lastKnownFileType = sourcecode.c.objc; path = SceneDelegate.m; sourceTree = "<group>"; };
		D6C052DF294069DB00724EF6 /* ViewController.h */ = {isa = PBXFileReference; lastKnownFileType = sourcecode.c.h; path = ViewController.h; sourceTree = "<group>"; };
		D6C052E0294069DB00724EF6 /* ViewController.m */ = {isa = PBXFileReference; lastKnownFileType = sourcecode.c.objc; path = ViewController.m; sourceTree = "<group>"; };
		D6C052E3294069DB00724EF6 /* Base */ = {isa = PBXFileReference; lastKnownFileType = file.storyboard; name = Base; path = Base.lproj/Main.storyboard; sourceTree = "<group>"; };
		D6C052E5294069DD00724EF6 /* Assets.xcassets */ = {isa = PBXFileReference; lastKnownFileType = folder.assetcatalog; path = Assets.xcassets; sourceTree = "<group>"; };
		D6C052E8294069DD00724EF6 /* Base */ = {isa = PBXFileReference; lastKnownFileType = file.storyboard; name = Base; path = Base.lproj/LaunchScreen.storyboard; sourceTree = "<group>"; };
		D6C052EA294069DD00724EF6 /* Info.plist */ = {isa = PBXFileReference; lastKnownFileType = text.plist.xml; path = Info.plist; sourceTree = "<group>"; };
		D6C052EB294069DD00724EF6 /* main.m */ = {isa = PBXFileReference; lastKnownFileType = sourcecode.c.objc; path = main.m; sourceTree = "<group>"; };
		D6C052F1294069DD00724EF6 /* RudderStackIOSSampleTests.xctest */ = {isa = PBXFileReference; explicitFileType = wrapper.cfbundle; includeInIndex = 0; path = RudderStackIOSSampleTests.xctest; sourceTree = BUILT_PRODUCTS_DIR; };
		D6C052F5294069DD00724EF6 /* RudderStackIOSSampleTests.m */ = {isa = PBXFileReference; lastKnownFileType = sourcecode.c.objc; path = RudderStackIOSSampleTests.m; sourceTree = "<group>"; };
		D6C052FB294069DD00724EF6 /* RudderStackIOSSampleUITests.xctest */ = {isa = PBXFileReference; explicitFileType = wrapper.cfbundle; includeInIndex = 0; path = RudderStackIOSSampleUITests.xctest; sourceTree = BUILT_PRODUCTS_DIR; };
		D6C052FF294069DD00724EF6 /* RudderStackIOSSampleUITests.m */ = {isa = PBXFileReference; lastKnownFileType = sourcecode.c.objc; path = RudderStackIOSSampleUITests.m; sourceTree = "<group>"; };
		D6C05301294069DD00724EF6 /* RudderStackIOSSampleUITestsLaunchTests.m */ = {isa = PBXFileReference; lastKnownFileType = sourcecode.c.objc; path = RudderStackIOSSampleUITestsLaunchTests.m; sourceTree = "<group>"; };
		DB27DA5C66D5244026FD125C /* Pods-RudderStackIOSSample.debug.xcconfig */ = {isa = PBXFileReference; includeInIndex = 1; lastKnownFileType = text.xcconfig; name = "Pods-RudderStackIOSSample.debug.xcconfig"; path = "Target Support Files/Pods-RudderStackIOSSample/Pods-RudderStackIOSSample.debug.xcconfig"; sourceTree = "<group>"; };
		E5C5245912AD579D02CF95F3 /* Pods-RudderStackIOSSample-RudderStackIOSSampleUITests.release.xcconfig */ = {isa = PBXFileReference; includeInIndex = 1; lastKnownFileType = text.xcconfig; name = "Pods-RudderStackIOSSample-RudderStackIOSSampleUITests.release.xcconfig"; path = "Target Support Files/Pods-RudderStackIOSSample-RudderStackIOSSampleUITests/Pods-RudderStackIOSSample-RudderStackIOSSampleUITests.release.xcconfig"; sourceTree = "<group>"; };
/* End PBXFileReference section */

/* Begin PBXFrameworksBuildPhase section */
		D6C052D3294069DB00724EF6 /* Frameworks */ = {
			isa = PBXFrameworksBuildPhase;
			buildActionMask = 2147483647;
			files = (
				BCFB3EB70F33B06D5761D8E4 /* Pods_RudderStackIOSSample.framework in Frameworks */,
			);
			runOnlyForDeploymentPostprocessing = 0;
		};
		D6C052EE294069DD00724EF6 /* Frameworks */ = {
			isa = PBXFrameworksBuildPhase;
			buildActionMask = 2147483647;
			files = (
				53C47727F960294BBDBA0C61 /* Pods_RudderStackIOSSampleTests.framework in Frameworks */,
			);
			runOnlyForDeploymentPostprocessing = 0;
		};
		D6C052F8294069DD00724EF6 /* Frameworks */ = {
			isa = PBXFrameworksBuildPhase;
			buildActionMask = 2147483647;
			files = (
				E06C9D1E7EDB17A4F7B031B2 /* Pods_RudderStackIOSSample_RudderStackIOSSampleUITests.framework in Frameworks */,
			);
			runOnlyForDeploymentPostprocessing = 0;
		};
/* End PBXFrameworksBuildPhase section */

/* Begin PBXGroup section */
		D6C052CD294069DB00724EF6 = {
			isa = PBXGroup;
			children = (
				D6C052D8294069DB00724EF6 /* RudderStackIOSSample */,
				D6C052F4294069DD00724EF6 /* RudderStackIOSSampleTests */,
				D6C052FE294069DD00724EF6 /* RudderStackIOSSampleUITests */,
				D6C052D7294069DB00724EF6 /* Products */,
				DFFADBAC70B44F150DF83A99 /* Pods */,
				FB24E95D07891D9687ACA7F9 /* Frameworks */,
			);
			sourceTree = "<group>";
		};
		D6C052D7294069DB00724EF6 /* Products */ = {
			isa = PBXGroup;
			children = (
				D6C052D6294069DB00724EF6 /* RudderStackIOSSample.app */,
				D6C052F1294069DD00724EF6 /* RudderStackIOSSampleTests.xctest */,
				D6C052FB294069DD00724EF6 /* RudderStackIOSSampleUITests.xctest */,
			);
			name = Products;
			sourceTree = "<group>";
		};
		D6C052D8294069DB00724EF6 /* RudderStackIOSSample */ = {
			isa = PBXGroup;
			children = (
				D67922502940B60E00370397 /* RudderStackIOSSample.entitlements */,
				D6C052D9294069DB00724EF6 /* AppDelegate.h */,
				D6C052DA294069DB00724EF6 /* AppDelegate.m */,
				D6C052DC294069DB00724EF6 /* SceneDelegate.h */,
				D6C052DD294069DB00724EF6 /* SceneDelegate.m */,
				D6C052DF294069DB00724EF6 /* ViewController.h */,
				D6C052E0294069DB00724EF6 /* ViewController.m */,
				D6C052E2294069DB00724EF6 /* Main.storyboard */,
				D6C052E5294069DD00724EF6 /* Assets.xcassets */,
				D6C052E7294069DD00724EF6 /* LaunchScreen.storyboard */,
				D6C052EA294069DD00724EF6 /* Info.plist */,
				D6C052EB294069DD00724EF6 /* main.m */,
			);
			path = RudderStackIOSSample;
			sourceTree = "<group>";
		};
		D6C052F4294069DD00724EF6 /* RudderStackIOSSampleTests */ = {
			isa = PBXGroup;
			children = (
				D6C052F5294069DD00724EF6 /* RudderStackIOSSampleTests.m */,
			);
			path = RudderStackIOSSampleTests;
			sourceTree = "<group>";
		};
		D6C052FE294069DD00724EF6 /* RudderStackIOSSampleUITests */ = {
			isa = PBXGroup;
			children = (
				D6C052FF294069DD00724EF6 /* RudderStackIOSSampleUITests.m */,
				D6C05301294069DD00724EF6 /* RudderStackIOSSampleUITestsLaunchTests.m */,
			);
			path = RudderStackIOSSampleUITests;
			sourceTree = "<group>";
		};
		DFFADBAC70B44F150DF83A99 /* Pods */ = {
			isa = PBXGroup;
			children = (
				DB27DA5C66D5244026FD125C /* Pods-RudderStackIOSSample.debug.xcconfig */,
				48249C27613893F435B34B95 /* Pods-RudderStackIOSSample.release.xcconfig */,
				C4F4905A077CB77C61D052AE /* Pods-RudderStackIOSSample-RudderStackIOSSampleUITests.debug.xcconfig */,
				E5C5245912AD579D02CF95F3 /* Pods-RudderStackIOSSample-RudderStackIOSSampleUITests.release.xcconfig */,
				9CEF00854938EF2A8EC09CFD /* Pods-RudderStackIOSSampleTests.debug.xcconfig */,
				96EECD4BBF8E9079DD559980 /* Pods-RudderStackIOSSampleTests.release.xcconfig */,
			);
			path = Pods;
			sourceTree = "<group>";
		};
		FB24E95D07891D9687ACA7F9 /* Frameworks */ = {
			isa = PBXGroup;
			children = (
				8D908D6EB6EC73FF5C269DA3 /* Pods_RudderStackIOSSample.framework */,
				76724E7533A82993D117819F /* Pods_RudderStackIOSSample_RudderStackIOSSampleUITests.framework */,
				16DDD3A928281C6180BE5438 /* Pods_RudderStackIOSSampleTests.framework */,
			);
			name = Frameworks;
			sourceTree = "<group>";
		};
/* End PBXGroup section */

/* Begin PBXNativeTarget section */
		D6C052D5294069DB00724EF6 /* RudderStackIOSSample */ = {
			isa = PBXNativeTarget;
			buildConfigurationList = D6C05305294069DD00724EF6 /* Build configuration list for PBXNativeTarget "RudderStackIOSSample" */;
			buildPhases = (
				37ACDF1EFB266821550E02E8 /* [CP] Check Pods Manifest.lock */,
				D6C052D2294069DB00724EF6 /* Sources */,
				D6C052D3294069DB00724EF6 /* Frameworks */,
				D6C052D4294069DB00724EF6 /* Resources */,
				CDF1AC1908417C7BEEF4E91E /* [CP] Embed Pods Frameworks */,
			);
			buildRules = (
			);
			dependencies = (
			);
			name = RudderStackIOSSample;
			productName = RudderStackIOSSample;
			productReference = D6C052D6294069DB00724EF6 /* RudderStackIOSSample.app */;
			productType = "com.apple.product-type.application";
		};
		D6C052F0294069DD00724EF6 /* RudderStackIOSSampleTests */ = {
			isa = PBXNativeTarget;
			buildConfigurationList = D6C05308294069DD00724EF6 /* Build configuration list for PBXNativeTarget "RudderStackIOSSampleTests" */;
			buildPhases = (
				6CCF6E3DE813CE8C30DDD057 /* [CP] Check Pods Manifest.lock */,
				D6C052ED294069DD00724EF6 /* Sources */,
				D6C052EE294069DD00724EF6 /* Frameworks */,
				D6C052EF294069DD00724EF6 /* Resources */,
			);
			buildRules = (
			);
			dependencies = (
				D6C052F3294069DD00724EF6 /* PBXTargetDependency */,
			);
			name = RudderStackIOSSampleTests;
			productName = RudderStackIOSSampleTests;
			productReference = D6C052F1294069DD00724EF6 /* RudderStackIOSSampleTests.xctest */;
			productType = "com.apple.product-type.bundle.unit-test";
		};
		D6C052FA294069DD00724EF6 /* RudderStackIOSSampleUITests */ = {
			isa = PBXNativeTarget;
			buildConfigurationList = D6C0530B294069DD00724EF6 /* Build configuration list for PBXNativeTarget "RudderStackIOSSampleUITests" */;
			buildPhases = (
				4F58C021528E3788427ABCC1 /* [CP] Check Pods Manifest.lock */,
				D6C052F7294069DD00724EF6 /* Sources */,
				D6C052F8294069DD00724EF6 /* Frameworks */,
				D6C052F9294069DD00724EF6 /* Resources */,
				4D217D270D437DA04010F16B /* [CP] Embed Pods Frameworks */,
			);
			buildRules = (
			);
			dependencies = (
				D6C052FD294069DD00724EF6 /* PBXTargetDependency */,
			);
			name = RudderStackIOSSampleUITests;
			productName = RudderStackIOSSampleUITests;
			productReference = D6C052FB294069DD00724EF6 /* RudderStackIOSSampleUITests.xctest */;
			productType = "com.apple.product-type.bundle.ui-testing";
		};
/* End PBXNativeTarget section */

/* Begin PBXProject section */
		D6C052CE294069DB00724EF6 /* Project object */ = {
			isa = PBXProject;
			attributes = {
				BuildIndependentTargetsInParallel = 1;
				LastUpgradeCheck = 1320;
				TargetAttributes = {
					D6C052D5294069DB00724EF6 = {
						CreatedOnToolsVersion = 13.2.1;
					};
					D6C052F0294069DD00724EF6 = {
						CreatedOnToolsVersion = 13.2.1;
						TestTargetID = D6C052D5294069DB00724EF6;
					};
					D6C052FA294069DD00724EF6 = {
						CreatedOnToolsVersion = 13.2.1;
						TestTargetID = D6C052D5294069DB00724EF6;
					};
				};
			};
			buildConfigurationList = D6C052D1294069DB00724EF6 /* Build configuration list for PBXProject "RudderStackIOSSample" */;
			compatibilityVersion = "Xcode 13.0";
			developmentRegion = en;
			hasScannedForEncodings = 0;
			knownRegions = (
				en,
				Base,
			);
			mainGroup = D6C052CD294069DB00724EF6;
			productRefGroup = D6C052D7294069DB00724EF6 /* Products */;
			projectDirPath = "";
			projectRoot = "";
			targets = (
				D6C052D5294069DB00724EF6 /* RudderStackIOSSample */,
				D6C052F0294069DD00724EF6 /* RudderStackIOSSampleTests */,
				D6C052FA294069DD00724EF6 /* RudderStackIOSSampleUITests */,
			);
		};
/* End PBXProject section */

/* Begin PBXResourcesBuildPhase section */
		D6C052D4294069DB00724EF6 /* Resources */ = {
			isa = PBXResourcesBuildPhase;
			buildActionMask = 2147483647;
			files = (
				D6C052E9294069DD00724EF6 /* LaunchScreen.storyboard in Resources */,
				D6C052E6294069DD00724EF6 /* Assets.xcassets in Resources */,
				D6C052E4294069DB00724EF6 /* Main.storyboard in Resources */,
			);
			runOnlyForDeploymentPostprocessing = 0;
		};
		D6C052EF294069DD00724EF6 /* Resources */ = {
			isa = PBXResourcesBuildPhase;
			buildActionMask = 2147483647;
			files = (
			);
			runOnlyForDeploymentPostprocessing = 0;
		};
		D6C052F9294069DD00724EF6 /* Resources */ = {
			isa = PBXResourcesBuildPhase;
			buildActionMask = 2147483647;
			files = (
			);
			runOnlyForDeploymentPostprocessing = 0;
		};
/* End PBXResourcesBuildPhase section */

/* Begin PBXShellScriptBuildPhase section */
		37ACDF1EFB266821550E02E8 /* [CP] Check Pods Manifest.lock */ = {
			isa = PBXShellScriptBuildPhase;
			buildActionMask = 2147483647;
			files = (
			);
			inputFileListPaths = (
			);
			inputPaths = (
				"${PODS_PODFILE_DIR_PATH}/Podfile.lock",
				"${PODS_ROOT}/Manifest.lock",
			);
			name = "[CP] Check Pods Manifest.lock";
			outputFileListPaths = (
			);
			outputPaths = (
				"$(DERIVED_FILE_DIR)/Pods-RudderStackIOSSample-checkManifestLockResult.txt",
			);
			runOnlyForDeploymentPostprocessing = 0;
			shellPath = /bin/sh;
			shellScript = "diff \"${PODS_PODFILE_DIR_PATH}/Podfile.lock\" \"${PODS_ROOT}/Manifest.lock\" > /dev/null\nif [ $? != 0 ] ; then\n    # print error to STDERR\n    echo \"error: The sandbox is not in sync with the Podfile.lock. Run 'pod install' or update your CocoaPods installation.\" >&2\n    exit 1\nfi\n# This output is used by Xcode 'outputs' to avoid re-running this script phase.\necho \"SUCCESS\" > \"${SCRIPT_OUTPUT_FILE_0}\"\n";
			showEnvVarsInLog = 0;
		};
		4D217D270D437DA04010F16B /* [CP] Embed Pods Frameworks */ = {
			isa = PBXShellScriptBuildPhase;
			buildActionMask = 2147483647;
			files = (
			);
			inputFileListPaths = (
				"${PODS_ROOT}/Target Support Files/Pods-RudderStackIOSSample-RudderStackIOSSampleUITests/Pods-RudderStackIOSSample-RudderStackIOSSampleUITests-frameworks-${CONFIGURATION}-input-files.xcfilelist",
			);
			name = "[CP] Embed Pods Frameworks";
			outputFileListPaths = (
				"${PODS_ROOT}/Target Support Files/Pods-RudderStackIOSSample-RudderStackIOSSampleUITests/Pods-RudderStackIOSSample-RudderStackIOSSampleUITests-frameworks-${CONFIGURATION}-output-files.xcfilelist",
			);
			runOnlyForDeploymentPostprocessing = 0;
			shellPath = /bin/sh;
			shellScript = "\"${PODS_ROOT}/Target Support Files/Pods-RudderStackIOSSample-RudderStackIOSSampleUITests/Pods-RudderStackIOSSample-RudderStackIOSSampleUITests-frameworks.sh\"\n";
			showEnvVarsInLog = 0;
		};
		4F58C021528E3788427ABCC1 /* [CP] Check Pods Manifest.lock */ = {
			isa = PBXShellScriptBuildPhase;
			buildActionMask = 2147483647;
			files = (
			);
			inputFileListPaths = (
			);
			inputPaths = (
				"${PODS_PODFILE_DIR_PATH}/Podfile.lock",
				"${PODS_ROOT}/Manifest.lock",
			);
			name = "[CP] Check Pods Manifest.lock";
			outputFileListPaths = (
			);
			outputPaths = (
				"$(DERIVED_FILE_DIR)/Pods-RudderStackIOSSample-RudderStackIOSSampleUITests-checkManifestLockResult.txt",
			);
			runOnlyForDeploymentPostprocessing = 0;
			shellPath = /bin/sh;
			shellScript = "diff \"${PODS_PODFILE_DIR_PATH}/Podfile.lock\" \"${PODS_ROOT}/Manifest.lock\" > /dev/null\nif [ $? != 0 ] ; then\n    # print error to STDERR\n    echo \"error: The sandbox is not in sync with the Podfile.lock. Run 'pod install' or update your CocoaPods installation.\" >&2\n    exit 1\nfi\n# This output is used by Xcode 'outputs' to avoid re-running this script phase.\necho \"SUCCESS\" > \"${SCRIPT_OUTPUT_FILE_0}\"\n";
			showEnvVarsInLog = 0;
		};
		6CCF6E3DE813CE8C30DDD057 /* [CP] Check Pods Manifest.lock */ = {
			isa = PBXShellScriptBuildPhase;
			buildActionMask = 2147483647;
			files = (
			);
			inputFileListPaths = (
			);
			inputPaths = (
				"${PODS_PODFILE_DIR_PATH}/Podfile.lock",
				"${PODS_ROOT}/Manifest.lock",
			);
			name = "[CP] Check Pods Manifest.lock";
			outputFileListPaths = (
			);
			outputPaths = (
				"$(DERIVED_FILE_DIR)/Pods-RudderStackIOSSampleTests-checkManifestLockResult.txt",
			);
			runOnlyForDeploymentPostprocessing = 0;
			shellPath = /bin/sh;
			shellScript = "diff \"${PODS_PODFILE_DIR_PATH}/Podfile.lock\" \"${PODS_ROOT}/Manifest.lock\" > /dev/null\nif [ $? != 0 ] ; then\n    # print error to STDERR\n    echo \"error: The sandbox is not in sync with the Podfile.lock. Run 'pod install' or update your CocoaPods installation.\" >&2\n    exit 1\nfi\n# This output is used by Xcode 'outputs' to avoid re-running this script phase.\necho \"SUCCESS\" > \"${SCRIPT_OUTPUT_FILE_0}\"\n";
			showEnvVarsInLog = 0;
		};
		CDF1AC1908417C7BEEF4E91E /* [CP] Embed Pods Frameworks */ = {
			isa = PBXShellScriptBuildPhase;
			buildActionMask = 2147483647;
			files = (
			);
			inputFileListPaths = (
				"${PODS_ROOT}/Target Support Files/Pods-RudderStackIOSSample/Pods-RudderStackIOSSample-frameworks-${CONFIGURATION}-input-files.xcfilelist",
			);
			name = "[CP] Embed Pods Frameworks";
			outputFileListPaths = (
				"${PODS_ROOT}/Target Support Files/Pods-RudderStackIOSSample/Pods-RudderStackIOSSample-frameworks-${CONFIGURATION}-output-files.xcfilelist",
			);
			runOnlyForDeploymentPostprocessing = 0;
			shellPath = /bin/sh;
			shellScript = "\"${PODS_ROOT}/Target Support Files/Pods-RudderStackIOSSample/Pods-RudderStackIOSSample-frameworks.sh\"\n";
			showEnvVarsInLog = 0;
		};
/* End PBXShellScriptBuildPhase section */

/* Begin PBXSourcesBuildPhase section */
		D6C052D2294069DB00724EF6 /* Sources */ = {
			isa = PBXSourcesBuildPhase;
			buildActionMask = 2147483647;
			files = (
				D679224F2940A56300370397 /* ViewController.m in Sources */,
				D679224E2940A55F00370397 /* AppDelegate.m in Sources */,
				D6C052EC294069DD00724EF6 /* main.m in Sources */,
				D6C052DE294069DB00724EF6 /* SceneDelegate.m in Sources */,
			);
			runOnlyForDeploymentPostprocessing = 0;
		};
		D6C052ED294069DD00724EF6 /* Sources */ = {
			isa = PBXSourcesBuildPhase;
			buildActionMask = 2147483647;
			files = (
				D6C052F6294069DD00724EF6 /* RudderStackIOSSampleTests.m in Sources */,
			);
			runOnlyForDeploymentPostprocessing = 0;
		};
		D6C052F7294069DD00724EF6 /* Sources */ = {
			isa = PBXSourcesBuildPhase;
			buildActionMask = 2147483647;
			files = (
				D6C05300294069DD00724EF6 /* RudderStackIOSSampleUITests.m in Sources */,
				D6C05302294069DD00724EF6 /* RudderStackIOSSampleUITestsLaunchTests.m in Sources */,
			);
			runOnlyForDeploymentPostprocessing = 0;
		};
/* End PBXSourcesBuildPhase section */

/* Begin PBXTargetDependency section */
		D6C052F3294069DD00724EF6 /* PBXTargetDependency */ = {
			isa = PBXTargetDependency;
			target = D6C052D5294069DB00724EF6 /* RudderStackIOSSample */;
			targetProxy = D6C052F2294069DD00724EF6 /* PBXContainerItemProxy */;
		};
		D6C052FD294069DD00724EF6 /* PBXTargetDependency */ = {
			isa = PBXTargetDependency;
			target = D6C052D5294069DB00724EF6 /* RudderStackIOSSample */;
			targetProxy = D6C052FC294069DD00724EF6 /* PBXContainerItemProxy */;
		};
/* End PBXTargetDependency section */

/* Begin PBXVariantGroup section */
		D6C052E2294069DB00724EF6 /* Main.storyboard */ = {
			isa = PBXVariantGroup;
			children = (
				D6C052E3294069DB00724EF6 /* Base */,
			);
			name = Main.storyboard;
			sourceTree = "<group>";
		};
		D6C052E7294069DD00724EF6 /* LaunchScreen.storyboard */ = {
			isa = PBXVariantGroup;
			children = (
				D6C052E8294069DD00724EF6 /* Base */,
			);
			name = LaunchScreen.storyboard;
			sourceTree = "<group>";
		};
/* End PBXVariantGroup section */

/* Begin XCBuildConfiguration section */
		D6C05303294069DD00724EF6 /* Debug */ = {
			isa = XCBuildConfiguration;
			buildSettings = {
				ALWAYS_SEARCH_USER_PATHS = NO;
				CLANG_ANALYZER_NONNULL = YES;
				CLANG_ANALYZER_NUMBER_OBJECT_CONVERSION = YES_AGGRESSIVE;
				CLANG_CXX_LANGUAGE_STANDARD = "gnu++17";
				CLANG_CXX_LIBRARY = "libc++";
				CLANG_ENABLE_MODULES = YES;
				CLANG_ENABLE_OBJC_ARC = YES;
				CLANG_ENABLE_OBJC_WEAK = YES;
				CLANG_WARN_BLOCK_CAPTURE_AUTORELEASING = YES;
				CLANG_WARN_BOOL_CONVERSION = YES;
				CLANG_WARN_COMMA = YES;
				CLANG_WARN_CONSTANT_CONVERSION = YES;
				CLANG_WARN_DEPRECATED_OBJC_IMPLEMENTATIONS = YES;
				CLANG_WARN_DIRECT_OBJC_ISA_USAGE = YES_ERROR;
				CLANG_WARN_DOCUMENTATION_COMMENTS = YES;
				CLANG_WARN_EMPTY_BODY = YES;
				CLANG_WARN_ENUM_CONVERSION = YES;
				CLANG_WARN_INFINITE_RECURSION = YES;
				CLANG_WARN_INT_CONVERSION = YES;
				CLANG_WARN_NON_LITERAL_NULL_CONVERSION = YES;
				CLANG_WARN_OBJC_IMPLICIT_RETAIN_SELF = YES;
				CLANG_WARN_OBJC_LITERAL_CONVERSION = YES;
				CLANG_WARN_OBJC_ROOT_CLASS = YES_ERROR;
				CLANG_WARN_QUOTED_INCLUDE_IN_FRAMEWORK_HEADER = YES;
				CLANG_WARN_RANGE_LOOP_ANALYSIS = YES;
				CLANG_WARN_STRICT_PROTOTYPES = YES;
				CLANG_WARN_SUSPICIOUS_MOVE = YES;
				CLANG_WARN_UNGUARDED_AVAILABILITY = YES_AGGRESSIVE;
				CLANG_WARN_UNREACHABLE_CODE = YES;
				CLANG_WARN__DUPLICATE_METHOD_MATCH = YES;
				COPY_PHASE_STRIP = NO;
				DEBUG_INFORMATION_FORMAT = dwarf;
				ENABLE_STRICT_OBJC_MSGSEND = YES;
				ENABLE_TESTABILITY = YES;
				GCC_C_LANGUAGE_STANDARD = gnu11;
				GCC_DYNAMIC_NO_PIC = NO;
				GCC_NO_COMMON_BLOCKS = YES;
				GCC_OPTIMIZATION_LEVEL = 0;
				GCC_PREPROCESSOR_DEFINITIONS = (
					"DEBUG=1",
					"$(inherited)",
				);
				GCC_WARN_64_TO_32_BIT_CONVERSION = YES;
				GCC_WARN_ABOUT_RETURN_TYPE = YES_ERROR;
				GCC_WARN_UNDECLARED_SELECTOR = YES;
				GCC_WARN_UNINITIALIZED_AUTOS = YES_AGGRESSIVE;
				GCC_WARN_UNUSED_FUNCTION = YES;
				GCC_WARN_UNUSED_VARIABLE = YES;
				IPHONEOS_DEPLOYMENT_TARGET = 15.2;
				MTL_ENABLE_DEBUG_INFO = INCLUDE_SOURCE;
				MTL_FAST_MATH = YES;
				ONLY_ACTIVE_ARCH = YES;
				SDKROOT = iphoneos;
			};
			name = Debug;
		};
		D6C05304294069DD00724EF6 /* Release */ = {
			isa = XCBuildConfiguration;
			buildSettings = {
				ALWAYS_SEARCH_USER_PATHS = NO;
				CLANG_ANALYZER_NONNULL = YES;
				CLANG_ANALYZER_NUMBER_OBJECT_CONVERSION = YES_AGGRESSIVE;
				CLANG_CXX_LANGUAGE_STANDARD = "gnu++17";
				CLANG_CXX_LIBRARY = "libc++";
				CLANG_ENABLE_MODULES = YES;
				CLANG_ENABLE_OBJC_ARC = YES;
				CLANG_ENABLE_OBJC_WEAK = YES;
				CLANG_WARN_BLOCK_CAPTURE_AUTORELEASING = YES;
				CLANG_WARN_BOOL_CONVERSION = YES;
				CLANG_WARN_COMMA = YES;
				CLANG_WARN_CONSTANT_CONVERSION = YES;
				CLANG_WARN_DEPRECATED_OBJC_IMPLEMENTATIONS = YES;
				CLANG_WARN_DIRECT_OBJC_ISA_USAGE = YES_ERROR;
				CLANG_WARN_DOCUMENTATION_COMMENTS = YES;
				CLANG_WARN_EMPTY_BODY = YES;
				CLANG_WARN_ENUM_CONVERSION = YES;
				CLANG_WARN_INFINITE_RECURSION = YES;
				CLANG_WARN_INT_CONVERSION = YES;
				CLANG_WARN_NON_LITERAL_NULL_CONVERSION = YES;
				CLANG_WARN_OBJC_IMPLICIT_RETAIN_SELF = YES;
				CLANG_WARN_OBJC_LITERAL_CONVERSION = YES;
				CLANG_WARN_OBJC_ROOT_CLASS = YES_ERROR;
				CLANG_WARN_QUOTED_INCLUDE_IN_FRAMEWORK_HEADER = YES;
				CLANG_WARN_RANGE_LOOP_ANALYSIS = YES;
				CLANG_WARN_STRICT_PROTOTYPES = YES;
				CLANG_WARN_SUSPICIOUS_MOVE = YES;
				CLANG_WARN_UNGUARDED_AVAILABILITY = YES_AGGRESSIVE;
				CLANG_WARN_UNREACHABLE_CODE = YES;
				CLANG_WARN__DUPLICATE_METHOD_MATCH = YES;
				COPY_PHASE_STRIP = NO;
				DEBUG_INFORMATION_FORMAT = "dwarf-with-dsym";
				ENABLE_NS_ASSERTIONS = NO;
				ENABLE_STRICT_OBJC_MSGSEND = YES;
				GCC_C_LANGUAGE_STANDARD = gnu11;
				GCC_NO_COMMON_BLOCKS = YES;
				GCC_WARN_64_TO_32_BIT_CONVERSION = YES;
				GCC_WARN_ABOUT_RETURN_TYPE = YES_ERROR;
				GCC_WARN_UNDECLARED_SELECTOR = YES;
				GCC_WARN_UNINITIALIZED_AUTOS = YES_AGGRESSIVE;
				GCC_WARN_UNUSED_FUNCTION = YES;
				GCC_WARN_UNUSED_VARIABLE = YES;
				IPHONEOS_DEPLOYMENT_TARGET = 15.2;
				MTL_ENABLE_DEBUG_INFO = NO;
				MTL_FAST_MATH = YES;
				SDKROOT = iphoneos;
				VALIDATE_PRODUCT = YES;
			};
			name = Release;
		};
		D6C05306294069DD00724EF6 /* Debug */ = {
			isa = XCBuildConfiguration;
			baseConfigurationReference = DB27DA5C66D5244026FD125C /* Pods-RudderStackIOSSample.debug.xcconfig */;
			buildSettings = {
				ARCHS = (
					i386,
					x86_64,
				);
				ASSETCATALOG_COMPILER_APPICON_NAME = AppIcon;
				ASSETCATALOG_COMPILER_GLOBAL_ACCENT_COLOR_NAME = AccentColor;
				CODE_SIGN_ENTITLEMENTS = RudderStackIOSSample/RudderStackIOSSample.entitlements;
				CODE_SIGN_STYLE = Automatic;
				CURRENT_PROJECT_VERSION = 1;
				DEVELOPMENT_TEAM = TK667QAT5A;
				EXCLUDED_ARCHS = "";
				"EXCLUDED_ARCHS[sdk=iphonesimulator*]" = arm64;
				GENERATE_INFOPLIST_FILE = YES;
				INFOPLIST_FILE = RudderStackIOSSample/Info.plist;
				INFOPLIST_KEY_UIApplicationSupportsIndirectInputEvents = YES;
				INFOPLIST_KEY_UILaunchStoryboardName = LaunchScreen;
				INFOPLIST_KEY_UIMainStoryboardFile = Main;
				INFOPLIST_KEY_UISupportedInterfaceOrientations_iPad = "UIInterfaceOrientationPortrait UIInterfaceOrientationPortraitUpsideDown UIInterfaceOrientationLandscapeLeft UIInterfaceOrientationLandscapeRight";
				INFOPLIST_KEY_UISupportedInterfaceOrientations_iPhone = "UIInterfaceOrientationPortrait UIInterfaceOrientationLandscapeLeft UIInterfaceOrientationLandscapeRight";
				LD_RUNPATH_SEARCH_PATHS = (
					"$(inherited)",
					"@executable_path/Frameworks",
				);
				MARKETING_VERSION = 1.0;
				ONLY_ACTIVE_ARCH = YES;
				PRODUCT_BUNDLE_IDENTIFIER = com.harshitha.RudderStackIOSSample;
				PRODUCT_NAME = "$(TARGET_NAME)";
				SWIFT_EMIT_LOC_STRINGS = YES;
				TARGETED_DEVICE_FAMILY = "1,2";
			};
			name = Debug;
		};
		D6C05307294069DD00724EF6 /* Release */ = {
			isa = XCBuildConfiguration;
			baseConfigurationReference = 48249C27613893F435B34B95 /* Pods-RudderStackIOSSample.release.xcconfig */;
			buildSettings = {
				ARCHS = (
					i386,
					x86_64,
				);
				ASSETCATALOG_COMPILER_APPICON_NAME = AppIcon;
				ASSETCATALOG_COMPILER_GLOBAL_ACCENT_COLOR_NAME = AccentColor;
				CODE_SIGN_ENTITLEMENTS = RudderStackIOSSample/RudderStackIOSSample.entitlements;
				CODE_SIGN_STYLE = Automatic;
				CURRENT_PROJECT_VERSION = 1;
				DEVELOPMENT_TEAM = TK667QAT5A;
				EXCLUDED_ARCHS = "";
				"EXCLUDED_ARCHS[sdk=iphonesimulator*]" = "";
				GENERATE_INFOPLIST_FILE = YES;
				INFOPLIST_FILE = RudderStackIOSSample/Info.plist;
				INFOPLIST_KEY_UIApplicationSupportsIndirectInputEvents = YES;
				INFOPLIST_KEY_UILaunchStoryboardName = LaunchScreen;
				INFOPLIST_KEY_UIMainStoryboardFile = Main;
				INFOPLIST_KEY_UISupportedInterfaceOrientations_iPad = "UIInterfaceOrientationPortrait UIInterfaceOrientationPortraitUpsideDown UIInterfaceOrientationLandscapeLeft UIInterfaceOrientationLandscapeRight";
				INFOPLIST_KEY_UISupportedInterfaceOrientations_iPhone = "UIInterfaceOrientationPortrait UIInterfaceOrientationLandscapeLeft UIInterfaceOrientationLandscapeRight";
				LD_RUNPATH_SEARCH_PATHS = (
					"$(inherited)",
					"@executable_path/Frameworks",
				);
				MARKETING_VERSION = 1.0;
				ONLY_ACTIVE_ARCH = YES;
				PRODUCT_BUNDLE_IDENTIFIER = com.harshitha.RudderStackIOSSample;
				PRODUCT_NAME = "$(TARGET_NAME)";
				SWIFT_EMIT_LOC_STRINGS = YES;
				TARGETED_DEVICE_FAMILY = "1,2";
			};
			name = Release;
		};
		D6C05309294069DD00724EF6 /* Debug */ = {
			isa = XCBuildConfiguration;
			baseConfigurationReference = 9CEF00854938EF2A8EC09CFD /* Pods-RudderStackIOSSampleTests.debug.xcconfig */;
			buildSettings = {
				BUNDLE_LOADER = "$(TEST_HOST)";
				CODE_SIGN_STYLE = Automatic;
				CURRENT_PROJECT_VERSION = 1;
				GENERATE_INFOPLIST_FILE = YES;
				IPHONEOS_DEPLOYMENT_TARGET = 15.2;
				MARKETING_VERSION = 1.0;
				PRODUCT_BUNDLE_IDENTIFIER = com.harshitha.RudderStackIOSSampleTests;
				PRODUCT_NAME = "$(TARGET_NAME)";
				SWIFT_EMIT_LOC_STRINGS = NO;
				TARGETED_DEVICE_FAMILY = "1,2";
				TEST_HOST = "$(BUILT_PRODUCTS_DIR)/RudderStackIOSSample.app/RudderStackIOSSample";
			};
			name = Debug;
		};
		D6C0530A294069DD00724EF6 /* Release */ = {
			isa = XCBuildConfiguration;
			baseConfigurationReference = 96EECD4BBF8E9079DD559980 /* Pods-RudderStackIOSSampleTests.release.xcconfig */;
			buildSettings = {
				BUNDLE_LOADER = "$(TEST_HOST)";
				CODE_SIGN_STYLE = Automatic;
				CURRENT_PROJECT_VERSION = 1;
				GENERATE_INFOPLIST_FILE = YES;
				IPHONEOS_DEPLOYMENT_TARGET = 15.2;
				MARKETING_VERSION = 1.0;
				PRODUCT_BUNDLE_IDENTIFIER = com.harshitha.RudderStackIOSSampleTests;
				PRODUCT_NAME = "$(TARGET_NAME)";
				SWIFT_EMIT_LOC_STRINGS = NO;
				TARGETED_DEVICE_FAMILY = "1,2";
				TEST_HOST = "$(BUILT_PRODUCTS_DIR)/RudderStackIOSSample.app/RudderStackIOSSample";
			};
			name = Release;
		};
		D6C0530C294069DD00724EF6 /* Debug */ = {
			isa = XCBuildConfiguration;
			baseConfigurationReference = C4F4905A077CB77C61D052AE /* Pods-RudderStackIOSSample-RudderStackIOSSampleUITests.debug.xcconfig */;
			buildSettings = {
				ARCHS = arm64;
				CODE_SIGN_STYLE = Automatic;
				CURRENT_PROJECT_VERSION = 1;
				"EXCLUDED_ARCHS[sdk=iphonesimulator*]" = "";
				GENERATE_INFOPLIST_FILE = YES;
				MARKETING_VERSION = 1.0;
				PRODUCT_BUNDLE_IDENTIFIER = com.harshitha.RudderStackIOSSampleUITests;
				PRODUCT_NAME = "$(TARGET_NAME)";
				SWIFT_EMIT_LOC_STRINGS = NO;
				TARGETED_DEVICE_FAMILY = 1;
				TEST_TARGET_NAME = RudderStackIOSSample;
			};
			name = Debug;
		};
		D6C0530D294069DD00724EF6 /* Release */ = {
			isa = XCBuildConfiguration;
			baseConfigurationReference = E5C5245912AD579D02CF95F3 /* Pods-RudderStackIOSSample-RudderStackIOSSampleUITests.release.xcconfig */;
			buildSettings = {
				ARCHS = arm64;
				CODE_SIGN_STYLE = Automatic;
				CURRENT_PROJECT_VERSION = 1;
				"EXCLUDED_ARCHS[sdk=iphonesimulator*]" = "";
				GENERATE_INFOPLIST_FILE = YES;
				MARKETING_VERSION = 1.0;
				PRODUCT_BUNDLE_IDENTIFIER = com.harshitha.RudderStackIOSSampleUITests;
				PRODUCT_NAME = "$(TARGET_NAME)";
				SWIFT_EMIT_LOC_STRINGS = NO;
				TARGETED_DEVICE_FAMILY = 1;
				TEST_TARGET_NAME = RudderStackIOSSample;
			};
			name = Release;
		};
/* End XCBuildConfiguration section */

/* Begin XCConfigurationList section */
		D6C052D1294069DB00724EF6 /* Build configuration list for PBXProject "RudderStackIOSSample" */ = {
			isa = XCConfigurationList;
			buildConfigurations = (
				D6C05303294069DD00724EF6 /* Debug */,
				D6C05304294069DD00724EF6 /* Release */,
			);
			defaultConfigurationIsVisible = 0;
			defaultConfigurationName = Release;
		};
		D6C05305294069DD00724EF6 /* Build configuration list for PBXNativeTarget "RudderStackIOSSample" */ = {
			isa = XCConfigurationList;
			buildConfigurations = (
				D6C05306294069DD00724EF6 /* Debug */,
				D6C05307294069DD00724EF6 /* Release */,
			);
			defaultConfigurationIsVisible = 0;
			defaultConfigurationName = Release;
		};
		D6C05308294069DD00724EF6 /* Build configuration list for PBXNativeTarget "RudderStackIOSSampleTests" */ = {
			isa = XCConfigurationList;
			buildConfigurations = (
				D6C05309294069DD00724EF6 /* Debug */,
				D6C0530A294069DD00724EF6 /* Release */,
			);
			defaultConfigurationIsVisible = 0;
			defaultConfigurationName = Release;
		};
		D6C0530B294069DD00724EF6 /* Build configuration list for PBXNativeTarget "RudderStackIOSSampleUITests" */ = {
			isa = XCConfigurationList;
			buildConfigurations = (
				D6C0530C294069DD00724EF6 /* Debug */,
				D6C0530D294069DD00724EF6 /* Release */,
			);
			defaultConfigurationIsVisible = 0;
			defaultConfigurationName = Release;
		};
/* End XCConfigurationList section */
	};
	rootObject = D6C052CE294069DB00724EF6 /* Project object */;
}
